dappco.re/go/core v0.8.0-alpha.1 h1:gj7+Scv+L63Z7wMxbJYHhaRFkHJo2u4MMPuUSv/Dhtk=
dappco.re/go/core v0.8.0-alpha.1/go.mod h1:f2/tBZ3+3IqDrg2F5F598llv0nmb/4gJVCFzM5geE4A=
github.com/gorilla/websocket v1.5.3 h1:saDtZ6Pbx/0u+bgYQ3q96pZgCzfhKXGPqt7kZ72aNNg=
github.com/gorilla/websocket v1.5.3/go.mod h1:YR8l580nyteQvAITg2hZ9XVh4b55+EU/adAjf1fMHhE=
